// !$*UTF8*$!
{
	archiveVersion = 1;
	classes = {
	};
	objectVersion = 50;
	objects = {

/* Begin PBXBuildFile section */
		1304B3B825A6BC22003755A8 /* StringMothod.swift in Sources */ = {isa = PBXBuildFile; fileRef = 1304B3B725A6BC22003755A8 /* StringMothod.swift */; };
		131A051A2563C35000FBB429 /* Lianbiao.swift in Sources */ = {isa = PBXBuildFile; fileRef = 131A05192563C35000FBB429 /* Lianbiao.swift */; };
		1343227A254814B50009B1A2 /* AlogorithmModel.swift in Sources */ = {isa = PBXBuildFile; fileRef = 13432279254814B50009B1A2 /* AlogorithmModel.swift */; };
		13432708254966270009B1A2 /* AlogorithmModel+Base.swift in Sources */ = {isa = PBXBuildFile; fileRef = 13432707254966270009B1A2 /* AlogorithmModel+Base.swift */; };
		1343270D254969B30009B1A2 /* ObjcAlogorithm.m in Sources */ = {isa = PBXBuildFile; fileRef = 1343270C254969B30009B1A2 /* ObjcAlogorithm.m */; };
		1349252C255938F500ED530D /* 11Month.swift in Sources */ = {isa = PBXBuildFile; fileRef = 1349252B255938F500ED530D /* 11Month.swift */; };
		13536240253D80BA0058B31A /* AppDelegate.swift in Sources */ = {isa = PBXBuildFile; fileRef = 1353623F253D80BA0058B31A /* AppDelegate.swift */; };
		13536244253D80BA0058B31A /* ViewController.swift in Sources */ = {isa = PBXBuildFile; fileRef = 13536243253D80BA0058B31A /* ViewController.swift */; };
		13536247253D80BA0058B31A /* Main.storyboard in Resources */ = {isa = PBXBuildFile; fileRef = 13536245253D80BA0058B31A /* Main.storyboard */; };
		13536249253D80BC0058B31A /* Assets.xcassets in Resources */ = {isa = PBXBuildFile; fileRef = 13536248253D80BC0058B31A /* Assets.xcassets */; };
		1353624C253D80BC0058B31A /* LaunchScreen.storyboard in Resources */ = {isa = PBXBuildFile; fileRef = 1353624A253D80BC0058B31A /* LaunchScreen.storyboard */; };
		136A313A25EFE60400E2B812 /* Sort.m in Sources */ = {isa = PBXBuildFile; fileRef = 136A313925EFE60400E2B812 /* Sort.m */; };
		138749D8255160DF0050795E /* ViewController+Extension1.swift in Sources */ = {isa = PBXBuildFile; fileRef = 138749D7255160DF0050795E /* ViewController+Extension1.swift */; };
		138749DB255258470050795E /* ViewController+Extension2.swift in Sources */ = {isa = PBXBuildFile; fileRef = 138749DA255258470050795E /* ViewController+Extension2.swift */; };
		13BC6C1E2578EF2D005B2BA9 /* Tree.swift in Sources */ = {isa = PBXBuildFile; fileRef = 13BC6C1D2578EF2D005B2BA9 /* Tree.swift */; };
		D00F198A26687565005B6F0F /* ViewController+LRU.swift in Sources */ = {isa = PBXBuildFile; fileRef = D00F198926687565005B6F0F /* ViewController+LRU.swift */; };
		D03A875C2664D5AA00F56D3F /* SceneDelegate.swift in Sources */ = {isa = PBXBuildFile; fileRef = D03A875B2664D5AA00F56D3F /* SceneDelegate.swift */; };
		D0A3A768265FAAF5006B5848 /* ViewController+ErFen.swift in Sources */ = {isa = PBXBuildFile; fileRef = D0A3A767265FAAF5006B5848 /* ViewController+ErFen.swift */; };
		D0A3A76B265FAD26006B5848 /* ViewController+DongTai.swift in Sources */ = {isa = PBXBuildFile; fileRef = D0A3A76A265FAD26006B5848 /* ViewController+DongTai.swift */; };
		D0B903CA26609DC2002E7A28 /* ViewController+Hash.swift in Sources */ = {isa = PBXBuildFile; fileRef = D0B903C926609DC2002E7A28 /* ViewController+Hash.swift */; };
/* End PBXBuildFile section */

/* Begin PBXFileReference section */
		1304B3B725A6BC22003755A8 /* StringMothod.swift */ = {isa = PBXFileReference; lastKnownFileType = sourcecode.swift; path = StringMothod.swift; sourceTree = "<group>"; };
		131A05192563C35000FBB429 /* Lianbiao.swift */ = {isa = PBXFileReference; lastKnownFileType = sourcecode.swift; path = Lianbiao.swift; sourceTree = "<group>"; };
		13432279254814B50009B1A2 /* AlogorithmModel.swift */ = {isa = PBXFileReference; lastKnownFileType = sourcecode.swift; path = AlogorithmModel.swift; sourceTree = "<group>"; };
		13432707254966270009B1A2 /* AlogorithmModel+Base.swift */ = {isa = PBXFileReference; lastKnownFileType = sourcecode.swift; path = "AlogorithmModel+Base.swift"; sourceTree = "<group>"; };
		1343270A254969B30009B1A2 /* 算法demo-Bridging-Header.h */ = {isa = PBXFileReference; lastKnownFileType = sourcecode.c.h; path = "算法demo-Bridging-Header.h"; sourceTree = "<group>"; };
		1343270B254969B30009B1A2 /* ObjcAlogorithm.h */ = {isa = PBXFileReference; lastKnownFileType = sourcecode.c.h; path = ObjcAlogorithm.h; sourceTree = "<group>"; };
		1343270C254969B30009B1A2 /* ObjcAlogorithm.m */ = {isa = PBXFileReference; lastKnownFileType = sourcecode.c.objc; path = ObjcAlogorithm.m; sourceTree = "<group>"; };
		1349252B255938F500ED530D /* 11Month.swift */ = {isa = PBXFileReference; lastKnownFileType = sourcecode.swift; path = 11Month.swift; sourceTree = "<group>"; };
		1353623C253D80BA0058B31A /* 算法demo.app */ = {isa = PBXFileReference; explicitFileType = wrapper.application; includeInIndex = 0; path = "算法demo.app"; sourceTree = BUILT_PRODUCTS_DIR; };
		1353623F253D80BA0058B31A /* AppDelegate.swift */ = {isa = PBXFileReference; lastKnownFileType = sourcecode.swift; path = AppDelegate.swift; sourceTree = "<group>"; };
		13536243253D80BA0058B31A /* ViewController.swift */ = {isa = PBXFileReference; lastKnownFileType = sourcecode.swift; path = ViewController.swift; sourceTree = "<group>"; };
		13536246253D80BA0058B31A /* Base */ = {isa = PBXFileReference; lastKnownFileType = file.storyboard; name = Base; path = Base.lproj/Main.storyboard; sourceTree = "<group>"; };
		13536248253D80BC0058B31A /* Assets.xcassets */ = {isa = PBXFileReference; lastKnownFileType = folder.assetcatalog; path = Assets.xcassets; sourceTree = "<group>"; };
		1353624B253D80BC0058B31A /* Base */ = {isa = PBXFileReference; lastKnownFileType = file.storyboard; name = Base; path = Base.lproj/LaunchScreen.storyboard; sourceTree = "<group>"; };
		1353624D253D80BC0058B31A /* Info.plist */ = {isa = PBXFileReference; lastKnownFileType = text.plist.xml; path = Info.plist; sourceTree = "<group>"; };
		136A313825EFE60400E2B812 /* Sort.h */ = {isa = PBXFileReference; lastKnownFileType = sourcecode.c.h; path = Sort.h; sourceTree = "<group>"; };
		136A313925EFE60400E2B812 /* Sort.m */ = {isa = PBXFileReference; lastKnownFileType = sourcecode.c.objc; path = Sort.m; sourceTree = "<group>"; };
		138749D7255160DF0050795E /* ViewController+Extension1.swift */ = {isa = PBXFileReference; lastKnownFileType = sourcecode.swift; path = "ViewController+Extension1.swift"; sourceTree = "<group>"; };
		138749DA255258470050795E /* ViewController+Extension2.swift */ = {isa = PBXFileReference; lastKnownFileType = sourcecode.swift; name = "ViewController+Extension2.swift"; path = "Assets.xcassets/ViewController+Extension2.swift"; sourceTree = "<group>"; };
		13BC6C1D2578EF2D005B2BA9 /* Tree.swift */ = {isa = PBXFileReference; lastKnownFileType = sourcecode.swift; path = Tree.swift; sourceTree = "<group>"; };
		D00F198926687565005B6F0F /* ViewController+LRU.swift */ = {isa = PBXFileReference; lastKnownFileType = sourcecode.swift; path = "ViewController+LRU.swift"; sourceTree = "<group>"; };
		D03A875B2664D5AA00F56D3F /* SceneDelegate.swift */ = {isa = PBXFileReference; lastKnownFileType = sourcecode.swift; path = SceneDelegate.swift; sourceTree = "<group>"; };
		D0A3A767265FAAF5006B5848 /* ViewController+ErFen.swift */ = {isa = PBXFileReference; fileEncoding = 4; lastKnownFileType = sourcecode.swift; path = "ViewController+ErFen.swift"; sourceTree = "<group>"; };
		D0A3A76A265FAD26006B5848 /* ViewController+DongTai.swift */ = {isa = PBXFileReference; lastKnownFileType = sourcecode.swift; path = "ViewController+DongTai.swift"; sourceTree = "<group>"; };
		D0B903C926609DC2002E7A28 /* ViewController+Hash.swift */ = {isa = PBXFileReference; lastKnownFileType = sourcecode.swift; path = "ViewController+Hash.swift"; sourceTree = "<group>"; };
/* End PBXFileReference section */

/* Begin PBXFrameworksBuildPhase section */
		13536239253D80BA0058B31A /* Frameworks */ = {
			isa = PBXFrameworksBuildPhase;
			buildActionMask = 2147483647;
			files = (
			);
			runOnlyForDeploymentPostprocessing = 0;
		};
/* End PBXFrameworksBuildPhase section */

/* Begin PBXGroup section */
		1304B3B625A6BC10003755A8 /* 字符串 */ = {
			isa = PBXGroup;
			children = (
				1304B3B725A6BC22003755A8 /* StringMothod.swift */,
			);
			path = "字符串";
			sourceTree = "<group>";
		};
		131A05182563C33100FBB429 /* 链表 */ = {
			isa = PBXGroup;
			children = (
				131A05192563C35000FBB429 /* Lianbiao.swift */,
			);
			path = "链表";
			sourceTree = "<group>";
		};
		1349252A255938DE00ED530D /* 11月 */ = {
			isa = PBXGroup;
			children = (
				1349252B255938F500ED530D /* 11Month.swift */,
			);
			path = "11月";
			sourceTree = "<group>";
		};
		13536233253D80BA0058B31A = {
			isa = PBXGroup;
			children = (
				1353623E253D80BA0058B31A /* 算法demo */,
				1353623D253D80BA0058B31A /* Products */,
			);
			sourceTree = "<group>";
		};
		1353623D253D80BA0058B31A /* Products */ = {
			isa = PBXGroup;
			children = (
				1353623C253D80BA0058B31A /* 算法demo.app */,
			);
			name = Products;
			sourceTree = "<group>";
		};
		1353623E253D80BA0058B31A /* 算法demo */ = {
			isa = PBXGroup;
			children = (
				D00F198826687555005B6F0F /* LRU */,
				D0B903C826609DB1002E7A28 /* 哈希 */,
				D0A3A769265FAD00006B5848 /* 动态规划 */,
				D0A3A764265FAA9E006B5848 /* 二分法 */,
				136A313325EFE57B00E2B812 /* 排序 */,
				1304B3B625A6BC10003755A8 /* 字符串 */,
				13BC6C1C2578EF1A005B2BA9 /* 树 */,
				131A05182563C33100FBB429 /* 链表 */,
				1349252A255938DE00ED530D /* 11月 */,
				1353623F253D80BA0058B31A /* AppDelegate.swift */,
				13536243253D80BA0058B31A /* ViewController.swift */,
				138749D7255160DF0050795E /* ViewController+Extension1.swift */,
				138749DA255258470050795E /* ViewController+Extension2.swift */,
				13432279254814B50009B1A2 /* AlogorithmModel.swift */,
				13432707254966270009B1A2 /* AlogorithmModel+Base.swift */,
				D03A875B2664D5AA00F56D3F /* SceneDelegate.swift */,
				13536245253D80BA0058B31A /* Main.storyboard */,
				13536248253D80BC0058B31A /* Assets.xcassets */,
				1353624A253D80BC0058B31A /* LaunchScreen.storyboard */,
				1353624D253D80BC0058B31A /* Info.plist */,
				1343270B254969B30009B1A2 /* ObjcAlogorithm.h */,
				1343270C254969B30009B1A2 /* ObjcAlogorithm.m */,
				1343270A254969B30009B1A2 /* 算法demo-Bridging-Header.h */,
			);
			path = "算法demo";
			sourceTree = "<group>";
		};
		136A313325EFE57B00E2B812 /* 排序 */ = {
			isa = PBXGroup;
			children = (
				136A313825EFE60400E2B812 /* Sort.h */,
				136A313925EFE60400E2B812 /* Sort.m */,
			);
			path = "排序";
			sourceTree = "<group>";
		};
		13BC6C1C2578EF1A005B2BA9 /* 树 */ = {
			isa = PBXGroup;
			children = (
				13BC6C1D2578EF2D005B2BA9 /* Tree.swift */,
			);
			path = "树";
			sourceTree = "<group>";
		};
		D00F198826687555005B6F0F /* LRU */ = {
			isa = PBXGroup;
			children = (
				D00F198926687565005B6F0F /* ViewController+LRU.swift */,
			);
			path = LRU;
			sourceTree = "<group>";
		};
		D0A3A764265FAA9E006B5848 /* 二分法 */ = {
			isa = PBXGroup;
			children = (
				D0A3A767265FAAF5006B5848 /* ViewController+ErFen.swift */,
			);
			path = "二分法";
			sourceTree = "<group>";
		};
		D0A3A769265FAD00006B5848 /* 动态规划 */ = {
			isa = PBXGroup;
			children = (
				D0A3A76A265FAD26006B5848 /* ViewController+DongTai.swift */,
			);
			path = "动态规划";
			sourceTree = "<group>";
		};
		D0B903C826609DB1002E7A28 /* 哈希 */ = {
			isa = PBXGroup;
			children = (
				D0B903C926609DC2002E7A28 /* ViewController+Hash.swift */,
			);
			path = "哈希";
			sourceTree = "<group>";
		};
/* End PBXGroup section */

/* Begin PBXNativeTarget section */
		1353623B253D80BA0058B31A /* 算法demo */ = {
			isa = PBXNativeTarget;
			buildConfigurationList = 13536250253D80BC0058B31A /* Build configuration list for PBXNativeTarget "算法demo" */;
			buildPhases = (
				13536238253D80BA0058B31A /* Sources */,
				13536239253D80BA0058B31A /* Frameworks */,
				1353623A253D80BA0058B31A /* Resources */,
			);
			buildRules = (
			);
			dependencies = (
			);
			name = "算法demo";
			productName = "算法demo";
			productReference = 1353623C253D80BA0058B31A /* 算法demo.app */;
			productType = "com.apple.product-type.application";
		};
/* End PBXNativeTarget section */

/* Begin PBXProject section */
		13536234253D80BA0058B31A /* Project object */ = {
			isa = PBXProject;
			attributes = {
				LastSwiftUpdateCheck = 1120;
				LastUpgradeCheck = 1120;
				ORGANIZATIONNAME = dumeng;
				TargetAttributes = {
					1353623B253D80BA0058B31A = {
						CreatedOnToolsVersion = 11.2.1;
						LastSwiftMigration = 1200;
					};
				};
			};
			buildConfigurationList = 13536237253D80BA0058B31A /* Build configuration list for PBXProject "算法demo" */;
			compatibilityVersion = "Xcode 9.3";
			developmentRegion = en;
			hasScannedForEncodings = 0;
			knownRegions = (
				en,
				Base,
			);
			mainGroup = 13536233253D80BA0058B31A;
			productRefGroup = 1353623D253D80BA0058B31A /* Products */;
			projectDirPath = "";
			projectRoot = "";
			targets = (
				1353623B253D80BA0058B31A /* 算法demo */,
			);
		};
/* End PBXProject section */

/* Begin PBXResourcesBuildPhase section */
		1353623A253D80BA0058B31A /* Resources */ = {
			isa = PBXResourcesBuildPhase;
			buildActionMask = 2147483647;
			files = (
				1353624C253D80BC0058B31A /* LaunchScreen.storyboard in Resources */,
				13536249253D80BC0058B31A /* Assets.xcassets in Resources */,
				13536247253D80BA0058B31A /* Main.storyboard in Resources */,
			);
			runOnlyForDeploymentPostprocessing = 0;
		};
/* End PBXResourcesBuildPhase section */

/* Begin PBXSourcesBuildPhase section */
		13536238253D80BA0058B31A /* Sources */ = {
			isa = PBXSourcesBuildPhase;
			buildActionMask = 2147483647;
			files = (
				D00F198A26687565005B6F0F /* ViewController+LRU.swift in Sources */,
				136A313A25EFE60400E2B812 /* Sort.m in Sources */,
				13536244253D80BA0058B31A /* ViewController.swift in Sources */,
				13536240253D80BA0058B31A /* AppDelegate.swift in Sources */,
				13432708254966270009B1A2 /* AlogorithmModel+Base.swift in Sources */,
				1349252C255938F500ED530D /* 11Month.swift in Sources */,
				D03A875C2664D5AA00F56D3F /* SceneDelegate.swift in Sources */,
				D0A3A76B265FAD26006B5848 /* ViewController+DongTai.swift in Sources */,
				138749DB255258470050795E /* ViewController+Extension2.swift in Sources */,
				D0B903CA26609DC2002E7A28 /* ViewController+Hash.swift in Sources */,
				1343270D254969B30009B1A2 /* ObjcAlogorithm.m in Sources */,
				13BC6C1E2578EF2D005B2BA9 /* Tree.swift in Sources */,
				1304B3B825A6BC22003755A8 /* StringMothod.swift in Sources */,
				D0A3A768265FAAF5006B5848 /* ViewController+ErFen.swift in Sources */,
				138749D8255160DF0050795E /* ViewController+Extension1.swift in Sources */,
				131A051A2563C35000FBB429 /* Lianbiao.swift in Sources */,
				1343227A254814B50009B1A2 /* AlogorithmModel.swift in Sources */,
			);
			runOnlyForDeploymentPostprocessing = 0;
		};
/* End PBXSourcesBuildPhase section */

/* Begin PBXVariantGroup section */
		13536245253D80BA0058B31A /* Main.storyboard */ = {
			isa = PBXVariantGroup;
			children = (
				13536246253D80BA0058B31A /* Base */,
			);
			name = Main.storyboard;
			sourceTree = "<group>";
		};
		1353624A253D80BC0058B31A /* LaunchScreen.storyboard */ = {
			isa = PBXVariantGroup;
			children = (
				1353624B253D80BC0058B31A /* Base */,
			);
			name = LaunchScreen.storyboard;
			sourceTree = "<group>";
		};
/* End PBXVariantGroup section */

/* Begin XCBuildConfiguration section */
		1353624E253D80BC0058B31A /* Debug */ = {
			isa = XCBuildConfiguration;
			buildSettings = {
				ALWAYS_SEARCH_USER_PATHS = NO;
				CLANG_ANALYZER_NONNULL = YES;
				CLANG_ANALYZER_NUMBER_OBJECT_CONVERSION = YES_AGGRESSIVE;
				CLANG_CXX_LANGUAGE_STANDARD = "gnu++14";
				CLANG_CXX_LIBRARY = "libc++";
				CLANG_ENABLE_MODULES = YES;
				CLANG_ENABLE_OBJC_ARC = YES;
				CLANG_ENABLE_OBJC_WEAK = YES;
				CLANG_WARN_BLOCK_CAPTURE_AUTORELEASING = YES;
				CLANG_WARN_BOOL_CONVERSION = YES;
				CLANG_WARN_COMMA = YES;
				CLANG_WARN_CONSTANT_CONVERSION = YES;
				CLANG_WARN_DEPRECATED_OBJC_IMPLEMENTATIONS = YES;
				CLANG_WARN_DIRECT_OBJC_ISA_USAGE = YES_ERROR;
				CLANG_WARN_DOCUMENTATION_COMMENTS = YES;
				CLANG_WARN_EMPTY_BODY = YES;
				CLANG_WARN_ENUM_CONVERSION = YES;
				CLANG_WARN_INFINITE_RECURSION = YES;
				CLANG_WARN_INT_CONVERSION = YES;
				CLANG_WARN_NON_LITERAL_NULL_CONVERSION = YES;
				CLANG_WARN_OBJC_IMPLICIT_RETAIN_SELF = YES;
				CLANG_WARN_OBJC_LITERAL_CONVERSION = YES;
				CLANG_WARN_OBJC_ROOT_CLASS = YES_ERROR;
				CLANG_WARN_RANGE_LOOP_ANALYSIS = YES;
				CLANG_WARN_STRICT_PROTOTYPES = YES;
				CLANG_WARN_SUSPICIOUS_MOVE = YES;
				CLANG_WARN_UNGUARDED_AVAILABILITY = YES_AGGRESSIVE;
				CLANG_WARN_UNREACHABLE_CODE = YES;
				CLANG_WARN__DUPLICATE_METHOD_MATCH = YES;
				COPY_PHASE_STRIP = NO;
				DEBUG_INFORMATION_FORMAT = dwarf;
				ENABLE_STRICT_OBJC_MSGSEND = YES;
				ENABLE_TESTABILITY = YES;
				GCC_C_LANGUAGE_STANDARD = gnu11;
				GCC_DYNAMIC_NO_PIC = NO;
				GCC_NO_COMMON_BLOCKS = YES;
				GCC_OPTIMIZATION_LEVEL = 0;
				GCC_PREPROCESSOR_DEFINITIONS = (
					"DEBUG=1",
					"$(inherited)",
				);
				GCC_WARN_64_TO_32_BIT_CONVERSION = YES;
				GCC_WARN_ABOUT_RETURN_TYPE = YES_ERROR;
				GCC_WARN_UNDECLARED_SELECTOR = YES;
				GCC_WARN_UNINITIALIZED_AUTOS = YES_AGGRESSIVE;
				GCC_WARN_UNUSED_FUNCTION = YES;
				GCC_WARN_UNUSED_VARIABLE = YES;
				IPHONEOS_DEPLOYMENT_TARGET = 13.2;
				MTL_ENABLE_DEBUG_INFO = INCLUDE_SOURCE;
				MTL_FAST_MATH = YES;
				ONLY_ACTIVE_ARCH = YES;
				SDKROOT = iphoneos;
				SWIFT_ACTIVE_COMPILATION_CONDITIONS = DEBUG;
				SWIFT_OPTIMIZATION_LEVEL = "-Onone";
			};
			name = Debug;
		};
		1353624F253D80BC0058B31A /* Release */ = {
			isa = XCBuildConfiguration;
			buildSettings = {
				ALWAYS_SEARCH_USER_PATHS = NO;
				CLANG_ANALYZER_NONNULL = YES;
				CLANG_ANALYZER_NUMBER_OBJECT_CONVERSION = YES_AGGRESSIVE;
				CLANG_CXX_LANGUAGE_STANDARD = "gnu++14";
				CLANG_CXX_LIBRARY = "libc++";
				CLANG_ENABLE_MODULES = YES;
				CLANG_ENABLE_OBJC_ARC = YES;
				CLANG_ENABLE_OBJC_WEAK = YES;
				CLANG_WARN_BLOCK_CAPTURE_AUTORELEASING = YES;
				CLANG_WARN_BOOL_CONVERSION = YES;
				CLANG_WARN_COMMA = YES;
				CLANG_WARN_CONSTANT_CONVERSION = YES;
				CLANG_WARN_DEPRECATED_OBJC_IMPLEMENTATIONS = YES;
				CLANG_WARN_DIRECT_OBJC_ISA_USAGE = YES_ERROR;
				CLANG_WARN_DOCUMENTATION_COMMENTS = YES;
				CLANG_WARN_EMPTY_BODY = YES;
				CLANG_WARN_ENUM_CONVERSION = YES;
				CLANG_WARN_INFINITE_RECURSION = YES;
				CLANG_WARN_INT_CONVERSION = YES;
				CLANG_WARN_NON_LITERAL_NULL_CONVERSION = YES;
				CLANG_WARN_OBJC_IMPLICIT_RETAIN_SELF = YES;
				CLANG_WARN_OBJC_LITERAL_CONVERSION = YES;
				CLANG_WARN_OBJC_ROOT_CLASS = YES_ERROR;
				CLANG_WARN_RANGE_LOOP_ANALYSIS = YES;
				CLANG_WARN_STRICT_PROTOTYPES = YES;
				CLANG_WARN_SUSPICIOUS_MOVE = YES;
				CLANG_WARN_UNGUARDED_AVAILABILITY = YES_AGGRESSIVE;
				CLANG_WARN_UNREACHABLE_CODE = YES;
				CLANG_WARN__DUPLICATE_METHOD_MATCH = YES;
				COPY_PHASE_STRIP = NO;
				DEBUG_INFORMATION_FORMAT = "dwarf-with-dsym";
				ENABLE_NS_ASSERTIONS = NO;
				ENABLE_STRICT_OBJC_MSGSEND = YES;
				GCC_C_LANGUAGE_STANDARD = gnu11;
				GCC_NO_COMMON_BLOCKS = YES;
				GCC_WARN_64_TO_32_BIT_CONVERSION = YES;
				GCC_WARN_ABOUT_RETURN_TYPE = YES_ERROR;
				GCC_WARN_UNDECLARED_SELECTOR = YES;
				GCC_WARN_UNINITIALIZED_AUTOS = YES_AGGRESSIVE;
				GCC_WARN_UNUSED_FUNCTION = YES;
				GCC_WARN_UNUSED_VARIABLE = YES;
				IPHONEOS_DEPLOYMENT_TARGET = 13.2;
				MTL_ENABLE_DEBUG_INFO = NO;
				MTL_FAST_MATH = YES;
				SDKROOT = iphoneos;
				SWIFT_COMPILATION_MODE = wholemodule;
				SWIFT_OPTIMIZATION_LEVEL = "-O";
				VALIDATE_PRODUCT = YES;
			};
			name = Release;
		};
		13536251253D80BC0058B31A /* Debug */ = {
			isa = XCBuildConfiguration;
			buildSettings = {
				ASSETCATALOG_COMPILER_APPICON_NAME = AppIcon;
				CLANG_ENABLE_MODULES = YES;
				CODE_SIGN_STYLE = Automatic;
				INFOPLIST_FILE = "算法demo/Info.plist";
				LD_RUNPATH_SEARCH_PATHS = (
					"$(inherited)",
					"@executable_path/Frameworks",
				);
				PRODUCT_BUNDLE_IDENTIFIER = "-21.--demo";
				PRODUCT_NAME = "$(TARGET_NAME)";
				SWIFT_OBJC_BRIDGING_HEADER = "算法demo/算法demo-Bridging-Header.h";
				SWIFT_OPTIMIZATION_LEVEL = "-Onone";
				SWIFT_VERSION = 5.0;
				TARGETED_DEVICE_FAMILY = 1;
			};
			name = Debug;
		};
		13536252253D80BC0058B31A /* Release */ = {
			isa = XCBuildConfiguration;
			buildSettings = {
				ASSETCATALOG_COMPILER_APPICON_NAME = AppIcon;
				CLANG_ENABLE_MODULES = YES;
				CODE_SIGN_STYLE = Automatic;
				INFOPLIST_FILE = "算法demo/Info.plist";
				LD_RUNPATH_SEARCH_PATHS = (
					"$(inherited)",
					"@executable_path/Frameworks",
				);
				PRODUCT_BUNDLE_IDENTIFIER = "-21.--demo";
				PRODUCT_NAME = "$(TARGET_NAME)";
				SWIFT_OBJC_BRIDGING_HEADER = "算法demo/算法demo-Bridging-Header.h";
				SWIFT_VERSION = 5.0;
				TARGETED_DEVICE_FAMILY = 1;
			};
			name = Release;
		};
/* End XCBuildConfiguration section */

/* Begin XCConfigurationList section */
		13536237253D80BA0058B31A /* Build configuration list for PBXProject "算法demo" */ = {
			isa = XCConfigurationList;
			buildConfigurations = (
				1353624E253D80BC0058B31A /* Debug */,
				1353624F253D80BC0058B31A /* Release */,
			);
			defaultConfigurationIsVisible = 0;
			defaultConfigurationName = Release;
		};
		13536250253D80BC0058B31A /* Build configuration list for PBXNativeTarget "算法demo" */ = {
			isa = XCConfigurationList;
			buildConfigurations = (
				13536251253D80BC0058B31A /* Debug */,
				13536252253D80BC0058B31A /* Release */,
			);
			defaultConfigurationIsVisible = 0;
			defaultConfigurationName = Release;
		};
/* End XCConfigurationList section */
	};
	rootObject = 13536234253D80BA0058B31A /* Project object */;
}
